
Microsoft Visual Studio Solution File, Format Version 12.00
# Visual Studio Version 16
VisualStudioVersion = 16.0.30413.136
MinimumVisualStudioVersion = 10.0.40219.1
Project("{FAE04EC0-301F-11D3-BF4B-00C04F79EFBC}") = "ApplicationTechniciens", "ApplicationTechniciens\ApplicationTechniciens.csproj", "{D086471D-DEE4-47A2-9E63-7EB9B5B38D59}"
EndProject
Project("{FAE04EC0-301F-11D3-BF4B-00C04F79EFBC}") = "ConsoleApplicationTechniciens", "ConsoleApplicationTechniciens\ConsoleApplicationTechniciens.csproj", "{E704FB10-1477-47DF-9735-C9FD7EE538CF}"
EndProject
Global
	GlobalSection(SolutionConfigurationPlatforms) = preSolution
		Debug|Any CPU = Debug|Any CPU
		Release|Any CPU = Release|Any CPU
	EndGlobalSection
	GlobalSection(ProjectConfigurationPlatforms) = postSolution
		{D086471D-DEE4-47A2-9E63-7EB9B5B38D59}.Debug|Any CPU.ActiveCfg = Debug|Any CPU
		{D086471D-DEE4-47A2-9E63-7EB9B5B38D59}.Debug|Any CPU.Build.0 = Debug|Any CPU
		{D086471D-DEE4-47A2-9E63-7EB9B5B38D59}.Release|Any CPU.ActiveCfg = Release|Any CPU
		{D086471D-DEE4-47A2-9E63-7EB9B5B38D59}.Release|Any CPU.Build.0 = Release|Any CPU
		{E704FB10-1477-47DF-9735-C9FD7EE538CF}.Debug|Any CPU.ActiveCfg = Debug|Any CPU
		{E704FB10-1477-47DF-9735-C9FD7EE538CF}.Debug|Any CPU.Build.0 = Debug|Any CPU
		{E704FB10-1477-47DF-9735-C9FD7EE538CF}.Release|Any CPU.ActiveCfg = Release|Any CPU
		{E704FB10-1477-47DF-9735-C9FD7EE538CF}.Release|Any CPU.Build.0 = Release|Any CPU
	EndGlobalSection
	GlobalSection(SolutionProperties) = preSolution
		HideSolutionNode = FALSE
	EndGlobalSection
	GlobalSection(ExtensibilityGlobals) = postSolution
		SolutionGuid = {EACF782A-EEF5-4452-A22A-DE0DDFF8AE91}
	EndGlobalSection
EndGlobal
